
Microsoft Visual Studio Solution File, Format Version 12.00
# Visual Studio Version 16
VisualStudioVersion = 16.0.32228.343
MinimumVisualStudioVersion = 10.0.40219.1
Project("{FAE04EC0-301F-11D3-BF4B-00C04F79EFBC}") = "YSA", "YSA.csproj", "{BBCCF5FB-E4C9-4105-B1FD-E3446E7EC917}"
EndProject
Global
	GlobalSection(SolutionConfigurationPlatforms) = preSolution
		Debug|Any CPU = Debug|Any CPU
		Release|Any CPU = Release|Any CPU
	EndGlobalSection
	GlobalSection(ProjectConfigurationPlatforms) = postSolution
		{BBCCF5FB-E4C9-4105-B1FD-E3446E7EC917}.Debug|Any CPU.ActiveCfg = Debug|Any CPU
		{BBCCF5FB-E4C9-4105-B1FD-E3446E7EC917}.Debug|Any CPU.Build.0 = Debug|Any CPU
		{BBCCF5FB-E4C9-4105-B1FD-E3446E7EC917}.Release|Any CPU.ActiveCfg = Release|Any CPU
		{BBCCF5FB-E4C9-4105-B1FD-E3446E7EC917}.Release|Any CPU.Build.0 = Release|Any CPU
	EndGlobalSection
	GlobalSection(SolutionProperties) = preSolution
		HideSolutionNode = FALSE
	EndGlobalSection
	GlobalSection(ExtensibilityGlobals) = postSolution
		SolutionGuid = {B51E80C4-4D09-43CF-8504-104116C56D67}
	EndGlobalSection
EndGlobal
